
Microsoft Visual Studio Solution File, Format Version 12.00
# Visual Studio 15
VisualStudioVersion = 15.0.27004.2008
MinimumVisualStudioVersion = 10.0.40219.1
Project("{8BC9CEB8-8B4A-11D0-8D11-00A0C91BC942}") = "BitManipulation", "BitManipulation\BitManipulation.vcxproj", "{D915AA99-DEF0-4E70-9B2A-1050CEF312B0}"
EndProject
Global
	GlobalSection(SolutionConfigurationPlatforms) = preSolution
		Debug|x64 = Debug|x64
		Debug|x86 = Debug|x86
		Release|x64 = Release|x64
		Release|x86 = Release|x86
	EndGlobalSection
	GlobalSection(ProjectConfigurationPlatforms) = postSolution
		{D915AA99-DEF0-4E70-9B2A-1050CEF312B0}.Debug|x64.ActiveCfg = Debug|x64
		{D915AA99-DEF0-4E70-9B2A-1050CEF312B0}.Debug|x64.Build.0 = Debug|x64
		{D915AA99-DEF0-4E70-9B2A-1050CEF312B0}.Debug|x86.ActiveCfg = Debug|Win32
		{D915AA99-DEF0-4E70-9B2A-1050CEF312B0}.Debug|x86.Build.0 = Debug|Win32
		{D915AA99-DEF0-4E70-9B2A-1050CEF312B0}.Release|x64.ActiveCfg = Release|x64
		{D915AA99-DEF0-4E70-9B2A-1050CEF312B0}.Release|x64.Build.0 = Release|x64
		{D915AA99-DEF0-4E70-9B2A-1050CEF312B0}.Release|x86.ActiveCfg = Release|Win32
		{D915AA99-DEF0-4E70-9B2A-1050CEF312B0}.Release|x86.Build.0 = Release|Win32
	EndGlobalSection
	GlobalSection(SolutionProperties) = preSolution
		HideSolutionNode = FALSE
	EndGlobalSection
	GlobalSection(ExtensibilityGlobals) = postSolution
		SolutionGuid = {3540E7F0-6A22-4DEB-A81E-DD5C51DE54B6}
	EndGlobalSection
EndGlobal
